// !$*UTF8*$!
{
	archiveVersion = 1;
	classes = {
	};
	objectVersion = 50;
	objects = {

/* Begin PBXBuildFile section */
		05ACDE7D2455C50A0076D5E9 /* latest.mlmodel in Sources */ = {isa = PBXBuildFile; fileRef = 05ACDE7C2455C50A0076D5E9 /* latest.mlmodel */; };
		05F6EB9F244DD79400BD4FC1 /* AppDelegate.swift in Sources */ = {isa = PBXBuildFile; fileRef = 05F6EB9E244DD79400BD4FC1 /* AppDelegate.swift */; };
		05F6EBA1244DD79400BD4FC1 /* SceneDelegate.swift in Sources */ = {isa = PBXBuildFile; fileRef = 05F6EBA0244DD79400BD4FC1 /* SceneDelegate.swift */; };
		05F6EBA3244DD79400BD4FC1 /* ViewController.swift in Sources */ = {isa = PBXBuildFile; fileRef = 05F6EBA2244DD79400BD4FC1 /* ViewController.swift */; };
		05F6EBA6244DD79400BD4FC1 /* Main.storyboard in Resources */ = {isa = PBXBuildFile; fileRef = 05F6EBA4244DD79400BD4FC1 /* Main.storyboard */; };
		05F6EBA8244DD79700BD4FC1 /* Assets.xcassets in Resources */ = {isa = PBXBuildFile; fileRef = 05F6EBA7244DD79700BD4FC1 /* Assets.xcassets */; };
		05F6EBAB244DD79700BD4FC1 /* LaunchScreen.storyboard in Resources */ = {isa = PBXBuildFile; fileRef = 05F6EBA9244DD79700BD4FC1 /* LaunchScreen.storyboard */; };
		05F6EBB3244DD84800BD4FC1 /* CanvasView.swift in Sources */ = {isa = PBXBuildFile; fileRef = 05F6EBB2244DD84800BD4FC1 /* CanvasView.swift */; };
		05F6EBB5244DD88800BD4FC1 /* UIImageExtension.swift in Sources */ = {isa = PBXBuildFile; fileRef = 05F6EBB4244DD88800BD4FC1 /* UIImageExtension.swift */; };
		05F6EBB7244DE3F600BD4FC1 /* my_mnist.mlmodel in Sources */ = {isa = PBXBuildFile; fileRef = 05F6EBB6244DE3F600BD4FC1 /* my_mnist.mlmodel */; };
		05F6EBBB244DFAD900BD4FC1 /* MNISTClassifier.mlmodel in Sources */ = {isa = PBXBuildFile; fileRef = 05F6EBBA244DFAD900BD4FC1 /* MNISTClassifier.mlmodel */; };
/* End PBXBuildFile section */

/* Begin PBXFileReference section */
		05ACDE7C2455C50A0076D5E9 /* latest.mlmodel */ = {isa = PBXFileReference; lastKnownFileType = file.mlmodel; path = latest.mlmodel; sourceTree = "<group>"; };
		05F6EB9B244DD79400BD4FC1 /* MNIST.app */ = {isa = PBXFileReference; explicitFileType = wrapper.application; includeInIndex = 0; path = MNIST.app; sourceTree = BUILT_PRODUCTS_DIR; };
		05F6EB9E244DD79400BD4FC1 /* AppDelegate.swift */ = {isa = PBXFileReference; lastKnownFileType = sourcecode.swift; path = AppDelegate.swift; sourceTree = "<group>"; };
		05F6EBA0244DD79400BD4FC1 /* SceneDelegate.swift */ = {isa = PBXFileReference; lastKnownFileType = sourcecode.swift; path = SceneDelegate.swift; sourceTree = "<group>"; };
		05F6EBA2244DD79400BD4FC1 /* ViewController.swift */ = {isa = PBXFileReference; lastKnownFileType = sourcecode.swift; path = ViewController.swift; sourceTree = "<group>"; };
		05F6EBA5244DD79400BD4FC1 /* Base */ = {isa = PBXFileReference; lastKnownFileType = file.storyboard; name = Base; path = Base.lproj/Main.storyboard; sourceTree = "<group>"; };
		05F6EBA7244DD79700BD4FC1 /* Assets.xcassets */ = {isa = PBXFileReference; lastKnownFileType = folder.assetcatalog; path = Assets.xcassets; sourceTree = "<group>"; };
		05F6EBAA244DD79700BD4FC1 /* Base */ = {isa = PBXFileReference; lastKnownFileType = file.storyboard; name = Base; path = Base.lproj/LaunchScreen.storyboard; sourceTree = "<group>"; };
		05F6EBAC244DD79700BD4FC1 /* Info.plist */ = {isa = PBXFileReference; lastKnownFileType = text.plist.xml; path = Info.plist; sourceTree = "<group>"; };
		05F6EBB2244DD84800BD4FC1 /* CanvasView.swift */ = {isa = PBXFileReference; lastKnownFileType = sourcecode.swift; path = CanvasView.swift; sourceTree = "<group>"; };
		05F6EBB4244DD88800BD4FC1 /* UIImageExtension.swift */ = {isa = PBXFileReference; lastKnownFileType = sourcecode.swift; path = UIImageExtension.swift; sourceTree = "<group>"; };
		05F6EBB6244DE3F600BD4FC1 /* my_mnist.mlmodel */ = {isa = PBXFileReference; lastKnownFileType = file.mlmodel; path = my_mnist.mlmodel; sourceTree = "<group>"; };
		05F6EBBA244DFAD900BD4FC1 /* MNISTClassifier.mlmodel */ = {isa = PBXFileReference; lastKnownFileType = file.mlmodel; path = MNISTClassifier.mlmodel; sourceTree = "<group>"; };
/* End PBXFileReference section */

/* Begin PBXFrameworksBuildPhase section */
		05F6EB98244DD79400BD4FC1 /* Frameworks */ = {
			isa = PBXFrameworksBuildPhase;
			buildActionMask = 2147483647;
			files = (
			);
			runOnlyForDeploymentPostprocessing = 0;
		};
/* End PBXFrameworksBuildPhase section */

/* Begin PBXGroup section */
		05F6EB92244DD79400BD4FC1 = {
			isa = PBXGroup;
			children = (
				05F6EB9D244DD79400BD4FC1 /* MNIST */,
				05F6EB9C244DD79400BD4FC1 /* Products */,
			);
			sourceTree = "<group>";
		};
		05F6EB9C244DD79400BD4FC1 /* Products */ = {
			isa = PBXGroup;
			children = (
				05F6EB9B244DD79400BD4FC1 /* MNIST.app */,
			);
			name = Products;
			sourceTree = "<group>";
		};
		05F6EB9D244DD79400BD4FC1 /* MNIST */ = {
			isa = PBXGroup;
			children = (
				05F6EBBA244DFAD900BD4FC1 /* MNISTClassifier.mlmodel */,
				05ACDE7C2455C50A0076D5E9 /* latest.mlmodel */,
				05F6EBB6244DE3F600BD4FC1 /* my_mnist.mlmodel */,
				05F6EB9E244DD79400BD4FC1 /* AppDelegate.swift */,
				05F6EBA0244DD79400BD4FC1 /* SceneDelegate.swift */,
				05F6EBA2244DD79400BD4FC1 /* ViewController.swift */,
				05F6EBA4244DD79400BD4FC1 /* Main.storyboard */,
				05F6EBA7244DD79700BD4FC1 /* Assets.xcassets */,
				05F6EBA9244DD79700BD4FC1 /* LaunchScreen.storyboard */,
				05F6EBAC244DD79700BD4FC1 /* Info.plist */,
				05F6EBB2244DD84800BD4FC1 /* CanvasView.swift */,
				05F6EBB4244DD88800BD4FC1 /* UIImageExtension.swift */,
			);
			path = MNIST;
			sourceTree = "<group>";
		};
/* End PBXGroup section */

/* Begin PBXNativeTarget section */
		05F6EB9A244DD79400BD4FC1 /* MNIST */ = {
			isa = PBXNativeTarget;
			buildConfigurationList = 05F6EBAF244DD79700BD4FC1 /* Build configuration list for PBXNativeTarget "MNIST" */;
			buildPhases = (
				05F6EB97244DD79400BD4FC1 /* Sources */,
				05F6EB98244DD79400BD4FC1 /* Frameworks */,
				05F6EB99244DD79400BD4FC1 /* Resources */,
			);
			buildRules = (
			);
			dependencies = (
			);
			name = MNIST;
			productName = MNIST;
			productReference = 05F6EB9B244DD79400BD4FC1 /* MNIST.app */;
			productType = "com.apple.product-type.application";
		};
/* End PBXNativeTarget section */

/* Begin PBXProject section */
		05F6EB93244DD79400BD4FC1 /* Project object */ = {
			isa = PBXProject;
			attributes = {
				LastSwiftUpdateCheck = 1140;
				LastUpgradeCheck = 1140;
				ORGANIZATIONNAME = "Daniel Dluznevskij";
				TargetAttributes = {
					05F6EB9A244DD79400BD4FC1 = {
						CreatedOnToolsVersion = 11.4;
					};
				};
			};
			buildConfigurationList = 05F6EB96244DD79400BD4FC1 /* Build configuration list for PBXProject "MNIST" */;
			compatibilityVersion = "Xcode 9.3";
			developmentRegion = en;
			hasScannedForEncodings = 0;
			knownRegions = (
				en,
				Base,
			);
			mainGroup = 05F6EB92244DD79400BD4FC1;
			productRefGroup = 05F6EB9C244DD79400BD4FC1 /* Products */;
			projectDirPath = "";
			projectRoot = "";
			targets = (
				05F6EB9A244DD79400BD4FC1 /* MNIST */,
			);
		};
/* End PBXProject section */

/* Begin PBXResourcesBuildPhase section */
		05F6EB99244DD79400BD4FC1 /* Resources */ = {
			isa = PBXResourcesBuildPhase;
			buildActionMask = 2147483647;
			files = (
				05F6EBAB244DD79700BD4FC1 /* LaunchScreen.storyboard in Resources */,
				05F6EBA8244DD79700BD4FC1 /* Assets.xcassets in Resources */,
				05F6EBA6244DD79400BD4FC1 /* Main.storyboard in Resources */,
			);
			runOnlyForDeploymentPostprocessing = 0;
		};
/* End PBXResourcesBuildPhase section */

/* Begin PBXSourcesBuildPhase section */
		05F6EB97244DD79400BD4FC1 /* Sources */ = {
			isa = PBXSourcesBuildPhase;
			buildActionMask = 2147483647;
			files = (
				05F6EBA3244DD79400BD4FC1 /* ViewController.swift in Sources */,
				05F6EB9F244DD79400BD4FC1 /* AppDelegate.swift in Sources */,
				05F6EBB3244DD84800BD4FC1 /* CanvasView.swift in Sources */,
				05ACDE7D2455C50A0076D5E9 /* latest.mlmodel in Sources */,
				05F6EBB5244DD88800BD4FC1 /* UIImageExtension.swift in Sources */,
				05F6EBB7244DE3F600BD4FC1 /* my_mnist.mlmodel in Sources */,
				05F6EBA1244DD79400BD4FC1 /* SceneDelegate.swift in Sources */,
				05F6EBBB244DFAD900BD4FC1 /* MNISTClassifier.mlmodel in Sources */,
			);
			runOnlyForDeploymentPostprocessing = 0;
		};
/* End PBXSourcesBuildPhase section */

/* Begin PBXVariantGroup section */
		05F6EBA4244DD79400BD4FC1 /* Main.storyboard */ = {
			isa = PBXVariantGroup;
			children = (
				05F6EBA5244DD79400BD4FC1 /* Base */,
			);
			name = Main.storyboard;
			sourceTree = "<group>";
		};
		05F6EBA9244DD79700BD4FC1 /* LaunchScreen.storyboard */ = {
			isa = PBXVariantGroup;
			children = (
				05F6EBAA244DD79700BD4FC1 /* Base */,
			);
			name = LaunchScreen.storyboard;
			sourceTree = "<group>";
		};
/* End PBXVariantGroup section */

/* Begin XCBuildConfiguration section */
		05F6EBAD244DD79700BD4FC1 /* Debug */ = {
			isa = XCBuildConfiguration;
			buildSettings = {
				ALWAYS_SEARCH_USER_PATHS = NO;
				CLANG_ANALYZER_NONNULL = YES;
				CLANG_ANALYZER_NUMBER_OBJECT_CONVERSION = YES_AGGRESSIVE;
				CLANG_CXX_LANGUAGE_STANDARD = "gnu++14";
				CLANG_CXX_LIBRARY = "libc++";
				CLANG_ENABLE_MODULES = YES;
				CLANG_ENABLE_OBJC_ARC = YES;
				CLANG_ENABLE_OBJC_WEAK = YES;
				CLANG_WARN_BLOCK_CAPTURE_AUTORELEASING = YES;
				CLANG_WARN_BOOL_CONVERSION = YES;
				CLANG_WARN_COMMA = YES;
				CLANG_WARN_CONSTANT_CONVERSION = YES;
				CLANG_WARN_DEPRECATED_OBJC_IMPLEMENTATIONS = YES;
				CLANG_WARN_DIRECT_OBJC_ISA_USAGE = YES_ERROR;
				CLANG_WARN_DOCUMENTATION_COMMENTS = YES;
				CLANG_WARN_EMPTY_BODY = YES;
				CLANG_WARN_ENUM_CONVERSION = YES;
				CLANG_WARN_INFINITE_RECURSION = YES;
				CLANG_WARN_INT_CONVERSION = YES;
				CLANG_WARN_NON_LITERAL_NULL_CONVERSION = YES;
				CLANG_WARN_OBJC_IMPLICIT_RETAIN_SELF = YES;
				CLANG_WARN_OBJC_LITERAL_CONVERSION = YES;
				CLANG_WARN_OBJC_ROOT_CLASS = YES_ERROR;
				CLANG_WARN_RANGE_LOOP_ANALYSIS = YES;
				CLANG_WARN_STRICT_PROTOTYPES = YES;
				CLANG_WARN_SUSPICIOUS_MOVE = YES;
				CLANG_WARN_UNGUARDED_AVAILABILITY = YES_AGGRESSIVE;
				CLANG_WARN_UNREACHABLE_CODE = YES;
				CLANG_WARN__DUPLICATE_METHOD_MATCH = YES;
				COPY_PHASE_STRIP = NO;
				DEBUG_INFORMATION_FORMAT = dwarf;
				ENABLE_STRICT_OBJC_MSGSEND = YES;
				ENABLE_TESTABILITY = YES;
				GCC_C_LANGUAGE_STANDARD = gnu11;
				GCC_DYNAMIC_NO_PIC = NO;
				GCC_NO_COMMON_BLOCKS = YES;
				GCC_OPTIMIZATION_LEVEL = 0;
				GCC_PREPROCESSOR_DEFINITIONS = (
					"DEBUG=1",
					"$(inherited)",
				);
				GCC_WARN_64_TO_32_BIT_CONVERSION = YES;
				GCC_WARN_ABOUT_RETURN_TYPE = YES_ERROR;
				GCC_WARN_UNDECLARED_SELECTOR = YES;
				GCC_WARN_UNINITIALIZED_AUTOS = YES_AGGRESSIVE;
				GCC_WARN_UNUSED_FUNCTION = YES;
				GCC_WARN_UNUSED_VARIABLE = YES;
				IPHONEOS_DEPLOYMENT_TARGET = 13.4;
				MTL_ENABLE_DEBUG_INFO = INCLUDE_SOURCE;
				MTL_FAST_MATH = YES;
				ONLY_ACTIVE_ARCH = YES;
				SDKROOT = iphoneos;
				SWIFT_ACTIVE_COMPILATION_CONDITIONS = DEBUG;
				SWIFT_OPTIMIZATION_LEVEL = "-Onone";
			};
			name = Debug;
		};
		05F6EBAE244DD79700BD4FC1 /* Release */ = {
			isa = XCBuildConfiguration;
			buildSettings = {
				ALWAYS_SEARCH_USER_PATHS = NO;
				CLANG_ANALYZER_NONNULL = YES;
				CLANG_ANALYZER_NUMBER_OBJECT_CONVERSION = YES_AGGRESSIVE;
				CLANG_CXX_LANGUAGE_STANDARD = "gnu++14";
				CLANG_CXX_LIBRARY = "libc++";
				CLANG_ENABLE_MODULES = YES;
				CLANG_ENABLE_OBJC_ARC = YES;
				CLANG_ENABLE_OBJC_WEAK = YES;
				CLANG_WARN_BLOCK_CAPTURE_AUTORELEASING = YES;
				CLANG_WARN_BOOL_CONVERSION = YES;
				CLANG_WARN_COMMA = YES;
				CLANG_WARN_CONSTANT_CONVERSION = YES;
				CLANG_WARN_DEPRECATED_OBJC_IMPLEMENTATIONS = YES;
				CLANG_WARN_DIRECT_OBJC_ISA_USAGE = YES_ERROR;
				CLANG_WARN_DOCUMENTATION_COMMENTS = YES;
				CLANG_WARN_EMPTY_BODY = YES;
				CLANG_WARN_ENUM_CONVERSION = YES;
				CLANG_WARN_INFINITE_RECURSION = YES;
				CLANG_WARN_INT_CONVERSION = YES;
				CLANG_WARN_NON_LITERAL_NULL_CONVERSION = YES;
				CLANG_WARN_OBJC_IMPLICIT_RETAIN_SELF = YES;
				CLANG_WARN_OBJC_LITERAL_CONVERSION = YES;
				CLANG_WARN_OBJC_ROOT_CLASS = YES_ERROR;
				CLANG_WARN_RANGE_LOOP_ANALYSIS = YES;
				CLANG_WARN_STRICT_PROTOTYPES = YES;
				CLANG_WARN_SUSPICIOUS_MOVE = YES;
				CLANG_WARN_UNGUARDED_AVAILABILITY = YES_AGGRESSIVE;
				CLANG_WARN_UNREACHABLE_CODE = YES;
				CLANG_WARN__DUPLICATE_METHOD_MATCH = YES;
				COPY_PHASE_STRIP = NO;
				DEBUG_INFORMATION_FORMAT = "dwarf-with-dsym";
				ENABLE_NS_ASSERTIONS = NO;
				ENABLE_STRICT_OBJC_MSGSEND = YES;
				GCC_C_LANGUAGE_STANDARD = gnu11;
				GCC_NO_COMMON_BLOCKS = YES;
				GCC_WARN_64_TO_32_BIT_CONVERSION = YES;
				GCC_WARN_ABOUT_RETURN_TYPE = YES_ERROR;
				GCC_WARN_UNDECLARED_SELECTOR = YES;
				GCC_WARN_UNINITIALIZED_AUTOS = YES_AGGRESSIVE;
				GCC_WARN_UNUSED_FUNCTION = YES;
				GCC_WARN_UNUSED_VARIABLE = YES;
				IPHONEOS_DEPLOYMENT_TARGET = 13.4;
				MTL_ENABLE_DEBUG_INFO = NO;
				MTL_FAST_MATH = YES;
				SDKROOT = iphoneos;
				SWIFT_COMPILATION_MODE = wholemodule;
				SWIFT_OPTIMIZATION_LEVEL = "-O";
				VALIDATE_PRODUCT = YES;
			};
			name = Release;
		};
		05F6EBB0244DD79700BD4FC1 /* Debug */ = {
			isa = XCBuildConfiguration;
			buildSettings = {
				ASSETCATALOG_COMPILER_APPICON_NAME = AppIcon;
				CODE_SIGN_STYLE = Automatic;
				DEVELOPMENT_TEAM = W7PJV9H8MC;
				INFOPLIST_FILE = MNIST/Info.plist;
				IPHONEOS_DEPLOYMENT_TARGET = 13.3;
				LD_RUNPATH_SEARCH_PATHS = (
					"$(inherited)",
					"@executable_path/Frameworks",
				);
				PRODUCT_BUNDLE_IDENTIFIER = com.d.dluznevskij.MNIST;
				PRODUCT_NAME = "$(TARGET_NAME)";
				SWIFT_VERSION = 5.0;
				TARGETED_DEVICE_FAMILY = "1,2";
			};
			name = Debug;
		};
		05F6EBB1244DD79700BD4FC1 /* Release */ = {
			isa = XCBuildConfiguration;
			buildSettings = {
				ASSETCATALOG_COMPILER_APPICON_NAME = AppIcon;
				CODE_SIGN_STYLE = Automatic;
				DEVELOPMENT_TEAM = W7PJV9H8MC;
				INFOPLIST_FILE = MNIST/Info.plist;
				IPHONEOS_DEPLOYMENT_TARGET = 13.3;
				LD_RUNPATH_SEARCH_PATHS = (
					"$(inherited)",
					"@executable_path/Frameworks",
				);
				PRODUCT_BUNDLE_IDENTIFIER = com.d.dluznevskij.MNIST;
				PRODUCT_NAME = "$(TARGET_NAME)";
				SWIFT_VERSION = 5.0;
				TARGETED_DEVICE_FAMILY = "1,2";
			};
			name = Release;
		};
/* End XCBuildConfiguration section */

/* Begin XCConfigurationList section */
		05F6EB96244DD79400BD4FC1 /* Build configuration list for PBXProject "MNIST" */ = {
			isa = XCConfigurationList;
			buildConfigurations = (
				05F6EBAD244DD79700BD4FC1 /* Debug */,
				05F6EBAE244DD79700BD4FC1 /* Release */,
			);
			defaultConfigurationIsVisible = 0;
			defaultConfigurationName = Release;
		};
		05F6EBAF244DD79700BD4FC1 /* Build configuration list for PBXNativeTarget "MNIST" */ = {
			isa = XCConfigurationList;
			buildConfigurations = (
				05F6EBB0244DD79700BD4FC1 /* Debug */,
				05F6EBB1244DD79700BD4FC1 /* Release */,
			);
			defaultConfigurationIsVisible = 0;
			defaultConfigurationName = Release;
		};
/* End XCConfigurationList section */
	};
	rootObject = 05F6EB93244DD79400BD4FC1 /* Project object */;
}
